
Microsoft Visual Studio Solution File, Format Version 12.00
# Visual Studio Version 17
VisualStudioVersion = 17.10.35122.118
MinimumVisualStudioVersion = 10.0.40219.1
Project("{FAE04EC0-301F-11D3-BF4B-00C04F79EFBC}") = "WinForms_Graphics_Tests", "WinForms_Graphics_Tests\WinForms_Graphics_Tests.csproj", "{07110A6C-AB84-4D9A-90C7-5EB999F0BF03}"
EndProject
Global
	GlobalSection(SolutionConfigurationPlatforms) = preSolution
		Debug|Any CPU = Debug|Any CPU
		Release|Any CPU = Release|Any CPU
	EndGlobalSection
	GlobalSection(ProjectConfigurationPlatforms) = postSolution
		{07110A6C-AB84-4D9A-90C7-5EB999F0BF03}.Debug|Any CPU.ActiveCfg = Debug|Any CPU
		{07110A6C-AB84-4D9A-90C7-5EB999F0BF03}.Debug|Any CPU.Build.0 = Debug|Any CPU
		{07110A6C-AB84-4D9A-90C7-5EB999F0BF03}.Release|Any CPU.ActiveCfg = Release|Any CPU
		{07110A6C-AB84-4D9A-90C7-5EB999F0BF03}.Release|Any CPU.Build.0 = Release|Any CPU
	EndGlobalSection
	GlobalSection(SolutionProperties) = preSolution
		HideSolutionNode = FALSE
	EndGlobalSection
	GlobalSection(ExtensibilityGlobals) = postSolution
		SolutionGuid = {322CA66B-4DEA-47A0-AE60-47951AF0439C}
	EndGlobalSection
EndGlobal
